
Microsoft Visual Studio Solution File, Format Version 12.00
# Visual Studio Version 16
VisualStudioVersion = 16.0.30523.141
MinimumVisualStudioVersion = 10.0.40219.1
Project("{FAE04EC0-301F-11D3-BF4B-00C04F79EFBC}") = "FileHandlingApp", "FileHandlingApp\FileHandlingApp.csproj", "{BA957BB9-6CE6-4C1D-83A4-D79692D8F119}"
EndProject
Project("{FAE04EC0-301F-11D3-BF4B-00C04F79EFBC}") = "FourApp", "FourApp\FourApp.csproj", "{20A4D2A7-2B7D-49BF-9B6F-DACCFCE5BEC1}"
EndProject
Project("{FAE04EC0-301F-11D3-BF4B-00C04F79EFBC}") = "_6Exercise", "_6Exercise\_6Exercise.csproj", "{8C026356-E9E5-442C-A958-A5939B8537AB}"
EndProject
Global
	GlobalSection(SolutionConfigurationPlatforms) = preSolution
		Debug|Any CPU = Debug|Any CPU
		Release|Any CPU = Release|Any CPU
	EndGlobalSection
	GlobalSection(ProjectConfigurationPlatforms) = postSolution
		{BA957BB9-6CE6-4C1D-83A4-D79692D8F119}.Debug|Any CPU.ActiveCfg = Debug|Any CPU
		{BA957BB9-6CE6-4C1D-83A4-D79692D8F119}.Debug|Any CPU.Build.0 = Debug|Any CPU
		{BA957BB9-6CE6-4C1D-83A4-D79692D8F119}.Release|Any CPU.ActiveCfg = Release|Any CPU
		{BA957BB9-6CE6-4C1D-83A4-D79692D8F119}.Release|Any CPU.Build.0 = Release|Any CPU
		{20A4D2A7-2B7D-49BF-9B6F-DACCFCE5BEC1}.Debug|Any CPU.ActiveCfg = Debug|Any CPU
		{20A4D2A7-2B7D-49BF-9B6F-DACCFCE5BEC1}.Debug|Any CPU.Build.0 = Debug|Any CPU
		{20A4D2A7-2B7D-49BF-9B6F-DACCFCE5BEC1}.Release|Any CPU.ActiveCfg = Release|Any CPU
		{20A4D2A7-2B7D-49BF-9B6F-DACCFCE5BEC1}.Release|Any CPU.Build.0 = Release|Any CPU
		{8C026356-E9E5-442C-A958-A5939B8537AB}.Debug|Any CPU.ActiveCfg = Debug|Any CPU
		{8C026356-E9E5-442C-A958-A5939B8537AB}.Debug|Any CPU.Build.0 = Debug|Any CPU
		{8C026356-E9E5-442C-A958-A5939B8537AB}.Release|Any CPU.ActiveCfg = Release|Any CPU
		{8C026356-E9E5-442C-A958-A5939B8537AB}.Release|Any CPU.Build.0 = Release|Any CPU
	EndGlobalSection
	GlobalSection(SolutionProperties) = preSolution
		HideSolutionNode = FALSE
	EndGlobalSection
	GlobalSection(ExtensibilityGlobals) = postSolution
		SolutionGuid = {0FE1DD81-8753-412D-B9EC-2205A49FDA3E}
	EndGlobalSection
EndGlobal
