
Microsoft Visual Studio Solution File, Format Version 12.00
# Visual Studio Version 16
VisualStudioVersion = 16.0.30523.141
MinimumVisualStudioVersion = 10.0.40219.1
Project("{9A19103F-16F7-4668-BE54-9A1E7A4F7556}") = "_1App", "_1App\_1App.csproj", "{DBA45EAC-E05B-4EF5-B0AF-521AD2975CAC}"
EndProject
Project("{FAE04EC0-301F-11D3-BF4B-00C04F79EFBC}") = "_2App", "_2App\_2App.csproj", "{C98A971F-43CF-437D-9ED4-D3DD06EA56FC}"
EndProject
Project("{FAE04EC0-301F-11D3-BF4B-00C04F79EFBC}") = "_3App", "_3App\_3App.csproj", "{7D3438BC-4780-45AD-A050-D925BA5311C5}"
EndProject
Project("{FAE04EC0-301F-11D3-BF4B-00C04F79EFBC}") = "_4App", "_5App\_4App.csproj", "{3A0311A3-3BFE-4C40-90E6-CC28C75A718C}"
EndProject
Project("{FAE04EC0-301F-11D3-BF4B-00C04F79EFBC}") = "_5Apps", "_5Apps\_5Apps.csproj", "{57DCAF06-81F4-4057-AC4B-C961C912690C}"
EndProject
Project("{FAE04EC0-301F-11D3-BF4B-00C04F79EFBC}") = "_6App", "_6App\_6App.csproj", "{C4A0677B-6453-4AD0-8E20-C023EC964860}"
EndProject
Project("{FAE04EC0-301F-11D3-BF4B-00C04F79EFBC}") = "_8Apps", "_8Apps\_8Apps.csproj", "{0D8CA64A-313B-4554-AF0C-8A02B28AFC1E}"
EndProject
Project("{FAE04EC0-301F-11D3-BF4B-00C04F79EFBC}") = "_9App", "_9App\_9App.csproj", "{4FAE2452-E266-459F-870B-9FA78596CD4A}"
EndProject
Project("{FAE04EC0-301F-11D3-BF4B-00C04F79EFBC}") = "_10Apps", "_10Apps\_10Apps.csproj", "{C2058D69-E4FC-43E2-982A-7A28AAFFB46C}"
EndProject
Project("{FAE04EC0-301F-11D3-BF4B-00C04F79EFBC}") = "_11Apps", "_11Apps\_11Apps.csproj", "{C6543D7A-0946-43EF-A941-6CB9393298CB}"
EndProject
Project("{FAE04EC0-301F-11D3-BF4B-00C04F79EFBC}") = "_12Apps", "_12Apps\_12Apps.csproj", "{2926A41C-A810-47A6-B2F6-0F86BA46E94C}"
EndProject
Project("{FAE04EC0-301F-11D3-BF4B-00C04F79EFBC}") = "_13Apps", "_13Apps\_13Apps.csproj", "{AF101C51-BB52-4B98-9FDF-B6466E475EE5}"
EndProject
Project("{FAE04EC0-301F-11D3-BF4B-00C04F79EFBC}") = "_14Apps", "_14Apps\_14Apps.csproj", "{931529B9-BF9C-43BE-BB42-E3D2D65E8451}"
EndProject
Project("{FAE04EC0-301F-11D3-BF4B-00C04F79EFBC}") = "_15Apps", "_15Apps\_15Apps.csproj", "{BA7ED655-610C-4F9B-943D-60323CB6D441}"
EndProject
Global
	GlobalSection(SolutionConfigurationPlatforms) = preSolution
		Debug|Any CPU = Debug|Any CPU
		Release|Any CPU = Release|Any CPU
	EndGlobalSection
	GlobalSection(ProjectConfigurationPlatforms) = postSolution
		{DBA45EAC-E05B-4EF5-B0AF-521AD2975CAC}.Debug|Any CPU.ActiveCfg = Debug|Any CPU
		{DBA45EAC-E05B-4EF5-B0AF-521AD2975CAC}.Debug|Any CPU.Build.0 = Debug|Any CPU
		{DBA45EAC-E05B-4EF5-B0AF-521AD2975CAC}.Release|Any CPU.ActiveCfg = Release|Any CPU
		{DBA45EAC-E05B-4EF5-B0AF-521AD2975CAC}.Release|Any CPU.Build.0 = Release|Any CPU
		{C98A971F-43CF-437D-9ED4-D3DD06EA56FC}.Debug|Any CPU.ActiveCfg = Debug|Any CPU
		{C98A971F-43CF-437D-9ED4-D3DD06EA56FC}.Debug|Any CPU.Build.0 = Debug|Any CPU
		{C98A971F-43CF-437D-9ED4-D3DD06EA56FC}.Release|Any CPU.ActiveCfg = Release|Any CPU
		{C98A971F-43CF-437D-9ED4-D3DD06EA56FC}.Release|Any CPU.Build.0 = Release|Any CPU
		{7D3438BC-4780-45AD-A050-D925BA5311C5}.Debug|Any CPU.ActiveCfg = Debug|Any CPU
		{7D3438BC-4780-45AD-A050-D925BA5311C5}.Debug|Any CPU.Build.0 = Debug|Any CPU
		{7D3438BC-4780-45AD-A050-D925BA5311C5}.Release|Any CPU.ActiveCfg = Release|Any CPU
		{7D3438BC-4780-45AD-A050-D925BA5311C5}.Release|Any CPU.Build.0 = Release|Any CPU
		{3A0311A3-3BFE-4C40-90E6-CC28C75A718C}.Debug|Any CPU.ActiveCfg = Debug|Any CPU
		{3A0311A3-3BFE-4C40-90E6-CC28C75A718C}.Debug|Any CPU.Build.0 = Debug|Any CPU
		{3A0311A3-3BFE-4C40-90E6-CC28C75A718C}.Release|Any CPU.ActiveCfg = Release|Any CPU
		{3A0311A3-3BFE-4C40-90E6-CC28C75A718C}.Release|Any CPU.Build.0 = Release|Any CPU
		{57DCAF06-81F4-4057-AC4B-C961C912690C}.Debug|Any CPU.ActiveCfg = Debug|Any CPU
		{57DCAF06-81F4-4057-AC4B-C961C912690C}.Debug|Any CPU.Build.0 = Debug|Any CPU
		{57DCAF06-81F4-4057-AC4B-C961C912690C}.Release|Any CPU.ActiveCfg = Release|Any CPU
		{57DCAF06-81F4-4057-AC4B-C961C912690C}.Release|Any CPU.Build.0 = Release|Any CPU
		{C4A0677B-6453-4AD0-8E20-C023EC964860}.Debug|Any CPU.ActiveCfg = Debug|Any CPU
		{C4A0677B-6453-4AD0-8E20-C023EC964860}.Debug|Any CPU.Build.0 = Debug|Any CPU
		{C4A0677B-6453-4AD0-8E20-C023EC964860}.Release|Any CPU.ActiveCfg = Release|Any CPU
		{C4A0677B-6453-4AD0-8E20-C023EC964860}.Release|Any CPU.Build.0 = Release|Any CPU
		{0D8CA64A-313B-4554-AF0C-8A02B28AFC1E}.Debug|Any CPU.ActiveCfg = Debug|Any CPU
		{0D8CA64A-313B-4554-AF0C-8A02B28AFC1E}.Debug|Any CPU.Build.0 = Debug|Any CPU
		{0D8CA64A-313B-4554-AF0C-8A02B28AFC1E}.Release|Any CPU.ActiveCfg = Release|Any CPU
		{0D8CA64A-313B-4554-AF0C-8A02B28AFC1E}.Release|Any CPU.Build.0 = Release|Any CPU
		{4FAE2452-E266-459F-870B-9FA78596CD4A}.Debug|Any CPU.ActiveCfg = Debug|Any CPU
		{4FAE2452-E266-459F-870B-9FA78596CD4A}.Debug|Any CPU.Build.0 = Debug|Any CPU
		{4FAE2452-E266-459F-870B-9FA78596CD4A}.Release|Any CPU.ActiveCfg = Release|Any CPU
		{4FAE2452-E266-459F-870B-9FA78596CD4A}.Release|Any CPU.Build.0 = Release|Any CPU
		{C2058D69-E4FC-43E2-982A-7A28AAFFB46C}.Debug|Any CPU.ActiveCfg = Debug|Any CPU
		{C2058D69-E4FC-43E2-982A-7A28AAFFB46C}.Debug|Any CPU.Build.0 = Debug|Any CPU
		{C2058D69-E4FC-43E2-982A-7A28AAFFB46C}.Release|Any CPU.ActiveCfg = Release|Any CPU
		{C2058D69-E4FC-43E2-982A-7A28AAFFB46C}.Release|Any CPU.Build.0 = Release|Any CPU
		{C6543D7A-0946-43EF-A941-6CB9393298CB}.Debug|Any CPU.ActiveCfg = Debug|Any CPU
		{C6543D7A-0946-43EF-A941-6CB9393298CB}.Debug|Any CPU.Build.0 = Debug|Any CPU
		{C6543D7A-0946-43EF-A941-6CB9393298CB}.Release|Any CPU.ActiveCfg = Release|Any CPU
		{C6543D7A-0946-43EF-A941-6CB9393298CB}.Release|Any CPU.Build.0 = Release|Any CPU
		{2926A41C-A810-47A6-B2F6-0F86BA46E94C}.Debug|Any CPU.ActiveCfg = Debug|Any CPU
		{2926A41C-A810-47A6-B2F6-0F86BA46E94C}.Debug|Any CPU.Build.0 = Debug|Any CPU
		{2926A41C-A810-47A6-B2F6-0F86BA46E94C}.Release|Any CPU.ActiveCfg = Release|Any CPU
		{2926A41C-A810-47A6-B2F6-0F86BA46E94C}.Release|Any CPU.Build.0 = Release|Any CPU
		{AF101C51-BB52-4B98-9FDF-B6466E475EE5}.Debug|Any CPU.ActiveCfg = Debug|Any CPU
		{AF101C51-BB52-4B98-9FDF-B6466E475EE5}.Debug|Any CPU.Build.0 = Debug|Any CPU
		{AF101C51-BB52-4B98-9FDF-B6466E475EE5}.Release|Any CPU.ActiveCfg = Release|Any CPU
		{AF101C51-BB52-4B98-9FDF-B6466E475EE5}.Release|Any CPU.Build.0 = Release|Any CPU
		{931529B9-BF9C-43BE-BB42-E3D2D65E8451}.Debug|Any CPU.ActiveCfg = Debug|Any CPU
		{931529B9-BF9C-43BE-BB42-E3D2D65E8451}.Debug|Any CPU.Build.0 = Debug|Any CPU
		{931529B9-BF9C-43BE-BB42-E3D2D65E8451}.Release|Any CPU.ActiveCfg = Release|Any CPU
		{931529B9-BF9C-43BE-BB42-E3D2D65E8451}.Release|Any CPU.Build.0 = Release|Any CPU
		{BA7ED655-610C-4F9B-943D-60323CB6D441}.Debug|Any CPU.ActiveCfg = Debug|Any CPU
		{BA7ED655-610C-4F9B-943D-60323CB6D441}.Debug|Any CPU.Build.0 = Debug|Any CPU
		{BA7ED655-610C-4F9B-943D-60323CB6D441}.Release|Any CPU.ActiveCfg = Release|Any CPU
		{BA7ED655-610C-4F9B-943D-60323CB6D441}.Release|Any CPU.Build.0 = Release|Any CPU
	EndGlobalSection
	GlobalSection(SolutionProperties) = preSolution
		HideSolutionNode = FALSE
	EndGlobalSection
	GlobalSection(ExtensibilityGlobals) = postSolution
		SolutionGuid = {733F3DFD-2A25-42EF-B0D4-E36D8C4FC822}
	EndGlobalSection
EndGlobal
