
Microsoft Visual Studio Solution File, Format Version 12.00
# Visual Studio Version 16
VisualStudioVersion = 16.0.30503.244
MinimumVisualStudioVersion = 10.0.40219.1
Project("{9A19103F-16F7-4668-BE54-9A1E7A4F7556}") = "Reflection", "Reflection\Reflection.csproj", "{DD914193-6733-41EF-BECB-5EF272B73333}"
EndProject
Project("{9A19103F-16F7-4668-BE54-9A1E7A4F7556}") = "ReflectionApp", "ReflectionApp\ReflectionApp.csproj", "{847B8DB1-75CC-4712-840B-4226FF20E884}"
EndProject
Project("{9A19103F-16F7-4668-BE54-9A1E7A4F7556}") = "DictionaryApp", "DictionaryApp\DictionaryApp.csproj", "{2C365BB6-4CAF-4870-ADE5-74637A3E20CD}"
EndProject
Project("{9A19103F-16F7-4668-BE54-9A1E7A4F7556}") = "ListApp", "ListApp\ListApp.csproj", "{E61FB133-05B6-48F0-991D-EADAC43F4215}"
EndProject
Project("{9A19103F-16F7-4668-BE54-9A1E7A4F7556}") = "StackApp", "StackApp\StackApp.csproj", "{9218CF55-3874-432F-8748-8D67ED9429BC}"
EndProject
Project("{9A19103F-16F7-4668-BE54-9A1E7A4F7556}") = "DelegateApp", "DelegateApp\DelegateApp.csproj", "{2E38CA11-66B2-4AFE-8546-AFA7C0AF2006}"
EndProject
Project("{FAE04EC0-301F-11D3-BF4B-00C04F79EFBC}") = "DelegateFuncApp", "DelegateFuncApp\DelegateFuncApp.csproj", "{A6B45EB4-59F7-47B0-8B99-847D8DDEC18B}"
EndProject
Project("{FAE04EC0-301F-11D3-BF4B-00C04F79EFBC}") = "EventApp", "EventApp\EventApp.csproj", "{E05DDA2B-2108-40C4-B10B-4F40A043F190}"
EndProject
Project("{FAE04EC0-301F-11D3-BF4B-00C04F79EFBC}") = "EventApps", "EventApps\EventApps.csproj", "{C61C4079-ED89-48D2-AB42-68003175BA25}"
EndProject
Global
	GlobalSection(SolutionConfigurationPlatforms) = preSolution
		Debug|Any CPU = Debug|Any CPU
		Release|Any CPU = Release|Any CPU
	EndGlobalSection
	GlobalSection(ProjectConfigurationPlatforms) = postSolution
		{DD914193-6733-41EF-BECB-5EF272B73333}.Debug|Any CPU.ActiveCfg = Debug|Any CPU
		{DD914193-6733-41EF-BECB-5EF272B73333}.Debug|Any CPU.Build.0 = Debug|Any CPU
		{DD914193-6733-41EF-BECB-5EF272B73333}.Release|Any CPU.ActiveCfg = Release|Any CPU
		{DD914193-6733-41EF-BECB-5EF272B73333}.Release|Any CPU.Build.0 = Release|Any CPU
		{847B8DB1-75CC-4712-840B-4226FF20E884}.Debug|Any CPU.ActiveCfg = Debug|Any CPU
		{847B8DB1-75CC-4712-840B-4226FF20E884}.Debug|Any CPU.Build.0 = Debug|Any CPU
		{847B8DB1-75CC-4712-840B-4226FF20E884}.Release|Any CPU.ActiveCfg = Release|Any CPU
		{847B8DB1-75CC-4712-840B-4226FF20E884}.Release|Any CPU.Build.0 = Release|Any CPU
		{2C365BB6-4CAF-4870-ADE5-74637A3E20CD}.Debug|Any CPU.ActiveCfg = Debug|Any CPU
		{2C365BB6-4CAF-4870-ADE5-74637A3E20CD}.Debug|Any CPU.Build.0 = Debug|Any CPU
		{2C365BB6-4CAF-4870-ADE5-74637A3E20CD}.Release|Any CPU.ActiveCfg = Release|Any CPU
		{2C365BB6-4CAF-4870-ADE5-74637A3E20CD}.Release|Any CPU.Build.0 = Release|Any CPU
		{E61FB133-05B6-48F0-991D-EADAC43F4215}.Debug|Any CPU.ActiveCfg = Debug|Any CPU
		{E61FB133-05B6-48F0-991D-EADAC43F4215}.Debug|Any CPU.Build.0 = Debug|Any CPU
		{E61FB133-05B6-48F0-991D-EADAC43F4215}.Release|Any CPU.ActiveCfg = Release|Any CPU
		{E61FB133-05B6-48F0-991D-EADAC43F4215}.Release|Any CPU.Build.0 = Release|Any CPU
		{9218CF55-3874-432F-8748-8D67ED9429BC}.Debug|Any CPU.ActiveCfg = Debug|Any CPU
		{9218CF55-3874-432F-8748-8D67ED9429BC}.Debug|Any CPU.Build.0 = Debug|Any CPU
		{9218CF55-3874-432F-8748-8D67ED9429BC}.Release|Any CPU.ActiveCfg = Release|Any CPU
		{9218CF55-3874-432F-8748-8D67ED9429BC}.Release|Any CPU.Build.0 = Release|Any CPU
		{2E38CA11-66B2-4AFE-8546-AFA7C0AF2006}.Debug|Any CPU.ActiveCfg = Debug|Any CPU
		{2E38CA11-66B2-4AFE-8546-AFA7C0AF2006}.Debug|Any CPU.Build.0 = Debug|Any CPU
		{2E38CA11-66B2-4AFE-8546-AFA7C0AF2006}.Release|Any CPU.ActiveCfg = Release|Any CPU
		{2E38CA11-66B2-4AFE-8546-AFA7C0AF2006}.Release|Any CPU.Build.0 = Release|Any CPU
		{A6B45EB4-59F7-47B0-8B99-847D8DDEC18B}.Debug|Any CPU.ActiveCfg = Debug|Any CPU
		{A6B45EB4-59F7-47B0-8B99-847D8DDEC18B}.Debug|Any CPU.Build.0 = Debug|Any CPU
		{A6B45EB4-59F7-47B0-8B99-847D8DDEC18B}.Release|Any CPU.ActiveCfg = Release|Any CPU
		{A6B45EB4-59F7-47B0-8B99-847D8DDEC18B}.Release|Any CPU.Build.0 = Release|Any CPU
		{E05DDA2B-2108-40C4-B10B-4F40A043F190}.Debug|Any CPU.ActiveCfg = Debug|Any CPU
		{E05DDA2B-2108-40C4-B10B-4F40A043F190}.Debug|Any CPU.Build.0 = Debug|Any CPU
		{E05DDA2B-2108-40C4-B10B-4F40A043F190}.Release|Any CPU.ActiveCfg = Release|Any CPU
		{E05DDA2B-2108-40C4-B10B-4F40A043F190}.Release|Any CPU.Build.0 = Release|Any CPU
		{C61C4079-ED89-48D2-AB42-68003175BA25}.Debug|Any CPU.ActiveCfg = Debug|Any CPU
		{C61C4079-ED89-48D2-AB42-68003175BA25}.Debug|Any CPU.Build.0 = Debug|Any CPU
		{C61C4079-ED89-48D2-AB42-68003175BA25}.Release|Any CPU.ActiveCfg = Release|Any CPU
		{C61C4079-ED89-48D2-AB42-68003175BA25}.Release|Any CPU.Build.0 = Release|Any CPU
	EndGlobalSection
	GlobalSection(SolutionProperties) = preSolution
		HideSolutionNode = FALSE
	EndGlobalSection
	GlobalSection(ExtensibilityGlobals) = postSolution
		SolutionGuid = {F371F384-7814-4E32-B90F-B63998B0573B}
	EndGlobalSection
EndGlobal
